// !$*UTF8*$!
{
	archiveVersion = 1;
	classes = {
	};
	objectVersion = 50;
	objects = {

/* Begin PBXBuildFile section */
		4224090F251815CA000BF20D /* Calculator.swift in Sources */ = {isa = PBXBuildFile; fileRef = 4224090E251815CA000BF20D /* Calculator.swift */; };
		42D203592514F6A700D704EE /* AppDelegate.swift in Sources */ = {isa = PBXBuildFile; fileRef = 42D203582514F6A700D704EE /* AppDelegate.swift */; };
		42D2035B2514F6A700D704EE /* SceneDelegate.swift in Sources */ = {isa = PBXBuildFile; fileRef = 42D2035A2514F6A700D704EE /* SceneDelegate.swift */; };
		42D2035D2514F6A700D704EE /* ViewController.swift in Sources */ = {isa = PBXBuildFile; fileRef = 42D2035C2514F6A700D704EE /* ViewController.swift */; };
		42D203602514F6A700D704EE /* Main.storyboard in Resources */ = {isa = PBXBuildFile; fileRef = 42D2035E2514F6A700D704EE /* Main.storyboard */; };
		42D203622514F6A800D704EE /* Assets.xcassets in Resources */ = {isa = PBXBuildFile; fileRef = 42D203612514F6A800D704EE /* Assets.xcassets */; };
		42D203652514F6A800D704EE /* LaunchScreen.storyboard in Resources */ = {isa = PBXBuildFile; fileRef = 42D203632514F6A800D704EE /* LaunchScreen.storyboard */; };
/* End PBXBuildFile section */

/* Begin PBXFileReference section */
		4224090E251815CA000BF20D /* Calculator.swift */ = {isa = PBXFileReference; lastKnownFileType = sourcecode.swift; path = Calculator.swift; sourceTree = "<group>"; };
		42D203552514F6A700D704EE /* Exercicio2_Calculadora.app */ = {isa = PBXFileReference; explicitFileType = wrapper.application; includeInIndex = 0; path = Exercicio2_Calculadora.app; sourceTree = BUILT_PRODUCTS_DIR; };
		42D203582514F6A700D704EE /* AppDelegate.swift */ = {isa = PBXFileReference; lastKnownFileType = sourcecode.swift; path = AppDelegate.swift; sourceTree = "<group>"; };
		42D2035A2514F6A700D704EE /* SceneDelegate.swift */ = {isa = PBXFileReference; lastKnownFileType = sourcecode.swift; path = SceneDelegate.swift; sourceTree = "<group>"; };
		42D2035C2514F6A700D704EE /* ViewController.swift */ = {isa = PBXFileReference; lastKnownFileType = sourcecode.swift; path = ViewController.swift; sourceTree = "<group>"; };
		42D2035F2514F6A700D704EE /* Base */ = {isa = PBXFileReference; lastKnownFileType = file.storyboard; name = Base; path = Base.lproj/Main.storyboard; sourceTree = "<group>"; };
		42D203612514F6A800D704EE /* Assets.xcassets */ = {isa = PBXFileReference; lastKnownFileType = folder.assetcatalog; path = Assets.xcassets; sourceTree = "<group>"; };
		42D203642514F6A800D704EE /* Base */ = {isa = PBXFileReference; lastKnownFileType = file.storyboard; name = Base; path = Base.lproj/LaunchScreen.storyboard; sourceTree = "<group>"; };
		42D203662514F6A800D704EE /* Info.plist */ = {isa = PBXFileReference; lastKnownFileType = text.plist.xml; path = Info.plist; sourceTree = "<group>"; };
/* End PBXFileReference section */

/* Begin PBXFrameworksBuildPhase section */
		42D203522514F6A700D704EE /* Frameworks */ = {
			isa = PBXFrameworksBuildPhase;
			buildActionMask = 2147483647;
			files = (
			);
			runOnlyForDeploymentPostprocessing = 0;
		};
/* End PBXFrameworksBuildPhase section */

/* Begin PBXGroup section */
		42D2034C2514F6A700D704EE = {
			isa = PBXGroup;
			children = (
				42D203572514F6A700D704EE /* Exercicio2_Calculadora */,
				42D203562514F6A700D704EE /* Products */,
			);
			sourceTree = "<group>";
		};
		42D203562514F6A700D704EE /* Products */ = {
			isa = PBXGroup;
			children = (
				42D203552514F6A700D704EE /* Exercicio2_Calculadora.app */,
			);
			name = Products;
			sourceTree = "<group>";
		};
		42D203572514F6A700D704EE /* Exercicio2_Calculadora */ = {
			isa = PBXGroup;
			children = (
				42D203582514F6A700D704EE /* AppDelegate.swift */,
				42D2035A2514F6A700D704EE /* SceneDelegate.swift */,
				42D2035C2514F6A700D704EE /* ViewController.swift */,
				42D2035E2514F6A700D704EE /* Main.storyboard */,
				42D203612514F6A800D704EE /* Assets.xcassets */,
				42D203632514F6A800D704EE /* LaunchScreen.storyboard */,
				42D203662514F6A800D704EE /* Info.plist */,
				4224090E251815CA000BF20D /* Calculator.swift */,
			);
			path = Exercicio2_Calculadora;
			sourceTree = "<group>";
		};
/* End PBXGroup section */

/* Begin PBXNativeTarget section */
		42D203542514F6A700D704EE /* Exercicio2_Calculadora */ = {
			isa = PBXNativeTarget;
			buildConfigurationList = 42D203692514F6A800D704EE /* Build configuration list for PBXNativeTarget "Exercicio2_Calculadora" */;
			buildPhases = (
				42D203512514F6A700D704EE /* Sources */,
				42D203522514F6A700D704EE /* Frameworks */,
				42D203532514F6A700D704EE /* Resources */,
			);
			buildRules = (
			);
			dependencies = (
			);
			name = Exercicio2_Calculadora;
			productName = Exercicio2_Calculadora;
			productReference = 42D203552514F6A700D704EE /* Exercicio2_Calculadora.app */;
			productType = "com.apple.product-type.application";
		};
/* End PBXNativeTarget section */

/* Begin PBXProject section */
		42D2034D2514F6A700D704EE /* Project object */ = {
			isa = PBXProject;
			attributes = {
				LastSwiftUpdateCheck = 1170;
				LastUpgradeCheck = 1170;
				ORGANIZATIONNAME = "Cleís Aurora Pereira";
				TargetAttributes = {
					42D203542514F6A700D704EE = {
						CreatedOnToolsVersion = 11.7;
					};
				};
			};
			buildConfigurationList = 42D203502514F6A700D704EE /* Build configuration list for PBXProject "Exercicio2_Calculadora" */;
			compatibilityVersion = "Xcode 9.3";
			developmentRegion = en;
			hasScannedForEncodings = 0;
			knownRegions = (
				en,
				Base,
			);
			mainGroup = 42D2034C2514F6A700D704EE;
			productRefGroup = 42D203562514F6A700D704EE /* Products */;
			projectDirPath = "";
			projectRoot = "";
			targets = (
				42D203542514F6A700D704EE /* Exercicio2_Calculadora */,
			);
		};
/* End PBXProject section */

/* Begin PBXResourcesBuildPhase section */
		42D203532514F6A700D704EE /* Resources */ = {
			isa = PBXResourcesBuildPhase;
			buildActionMask = 2147483647;
			files = (
				42D203652514F6A800D704EE /* LaunchScreen.storyboard in Resources */,
				42D203622514F6A800D704EE /* Assets.xcassets in Resources */,
				42D203602514F6A700D704EE /* Main.storyboard in Resources */,
			);
			runOnlyForDeploymentPostprocessing = 0;
		};
/* End PBXResourcesBuildPhase section */

/* Begin PBXSourcesBuildPhase section */
		42D203512514F6A700D704EE /* Sources */ = {
			isa = PBXSourcesBuildPhase;
			buildActionMask = 2147483647;
			files = (
				42D2035D2514F6A700D704EE /* ViewController.swift in Sources */,
				4224090F251815CA000BF20D /* Calculator.swift in Sources */,
				42D203592514F6A700D704EE /* AppDelegate.swift in Sources */,
				42D2035B2514F6A700D704EE /* SceneDelegate.swift in Sources */,
			);
			runOnlyForDeploymentPostprocessing = 0;
		};
/* End PBXSourcesBuildPhase section */

/* Begin PBXVariantGroup section */
		42D2035E2514F6A700D704EE /* Main.storyboard */ = {
			isa = PBXVariantGroup;
			children = (
				42D2035F2514F6A700D704EE /* Base */,
			);
			name = Main.storyboard;
			sourceTree = "<group>";
		};
		42D203632514F6A800D704EE /* LaunchScreen.storyboard */ = {
			isa = PBXVariantGroup;
			children = (
				42D203642514F6A800D704EE /* Base */,
			);
			name = LaunchScreen.storyboard;
			sourceTree = "<group>";
		};
/* End PBXVariantGroup section */

/* Begin XCBuildConfiguration section */
		42D203672514F6A800D704EE /* Debug */ = {
			isa = XCBuildConfiguration;
			buildSettings = {
				ALWAYS_SEARCH_USER_PATHS = NO;
				CLANG_ANALYZER_NONNULL = YES;
				CLANG_ANALYZER_NUMBER_OBJECT_CONVERSION = YES_AGGRESSIVE;
				CLANG_CXX_LANGUAGE_STANDARD = "gnu++14";
				CLANG_CXX_LIBRARY = "libc++";
				CLANG_ENABLE_MODULES = YES;
				CLANG_ENABLE_OBJC_ARC = YES;
				CLANG_ENABLE_OBJC_WEAK = YES;
				CLANG_WARN_BLOCK_CAPTURE_AUTORELEASING = YES;
				CLANG_WARN_BOOL_CONVERSION = YES;
				CLANG_WARN_COMMA = YES;
				CLANG_WARN_CONSTANT_CONVERSION = YES;
				CLANG_WARN_DEPRECATED_OBJC_IMPLEMENTATIONS = YES;
				CLANG_WARN_DIRECT_OBJC_ISA_USAGE = YES_ERROR;
				CLANG_WARN_DOCUMENTATION_COMMENTS = YES;
				CLANG_WARN_EMPTY_BODY = YES;
				CLANG_WARN_ENUM_CONVERSION = YES;
				CLANG_WARN_INFINITE_RECURSION = YES;
				CLANG_WARN_INT_CONVERSION = YES;
				CLANG_WARN_NON_LITERAL_NULL_CONVERSION = YES;
				CLANG_WARN_OBJC_IMPLICIT_RETAIN_SELF = YES;
				CLANG_WARN_OBJC_LITERAL_CONVERSION = YES;
				CLANG_WARN_OBJC_ROOT_CLASS = YES_ERROR;
				CLANG_WARN_RANGE_LOOP_ANALYSIS = YES;
				CLANG_WARN_STRICT_PROTOTYPES = YES;
				CLANG_WARN_SUSPICIOUS_MOVE = YES;
				CLANG_WARN_UNGUARDED_AVAILABILITY = YES_AGGRESSIVE;
				CLANG_WARN_UNREACHABLE_CODE = YES;
				CLANG_WARN__DUPLICATE_METHOD_MATCH = YES;
				COPY_PHASE_STRIP = NO;
				DEBUG_INFORMATION_FORMAT = dwarf;
				ENABLE_STRICT_OBJC_MSGSEND = YES;
				ENABLE_TESTABILITY = YES;
				GCC_C_LANGUAGE_STANDARD = gnu11;
				GCC_DYNAMIC_NO_PIC = NO;
				GCC_NO_COMMON_BLOCKS = YES;
				GCC_OPTIMIZATION_LEVEL = 0;
				GCC_PREPROCESSOR_DEFINITIONS = (
					"DEBUG=1",
					"$(inherited)",
				);
				GCC_WARN_64_TO_32_BIT_CONVERSION = YES;
				GCC_WARN_ABOUT_RETURN_TYPE = YES_ERROR;
				GCC_WARN_UNDECLARED_SELECTOR = YES;
				GCC_WARN_UNINITIALIZED_AUTOS = YES_AGGRESSIVE;
				GCC_WARN_UNUSED_FUNCTION = YES;
				GCC_WARN_UNUSED_VARIABLE = YES;
				IPHONEOS_DEPLOYMENT_TARGET = 13.7;
				MTL_ENABLE_DEBUG_INFO = INCLUDE_SOURCE;
				MTL_FAST_MATH = YES;
				ONLY_ACTIVE_ARCH = YES;
				SDKROOT = iphoneos;
				SWIFT_ACTIVE_COMPILATION_CONDITIONS = DEBUG;
				SWIFT_OPTIMIZATION_LEVEL = "-Onone";
			};
			name = Debug;
		};
		42D203682514F6A800D704EE /* Release */ = {
			isa = XCBuildConfiguration;
			buildSettings = {
				ALWAYS_SEARCH_USER_PATHS = NO;
				CLANG_ANALYZER_NONNULL = YES;
				CLANG_ANALYZER_NUMBER_OBJECT_CONVERSION = YES_AGGRESSIVE;
				CLANG_CXX_LANGUAGE_STANDARD = "gnu++14";
				CLANG_CXX_LIBRARY = "libc++";
				CLANG_ENABLE_MODULES = YES;
				CLANG_ENABLE_OBJC_ARC = YES;
				CLANG_ENABLE_OBJC_WEAK = YES;
				CLANG_WARN_BLOCK_CAPTURE_AUTORELEASING = YES;
				CLANG_WARN_BOOL_CONVERSION = YES;
				CLANG_WARN_COMMA = YES;
				CLANG_WARN_CONSTANT_CONVERSION = YES;
				CLANG_WARN_DEPRECATED_OBJC_IMPLEMENTATIONS = YES;
				CLANG_WARN_DIRECT_OBJC_ISA_USAGE = YES_ERROR;
				CLANG_WARN_DOCUMENTATION_COMMENTS = YES;
				CLANG_WARN_EMPTY_BODY = YES;
				CLANG_WARN_ENUM_CONVERSION = YES;
				CLANG_WARN_INFINITE_RECURSION = YES;
				CLANG_WARN_INT_CONVERSION = YES;
				CLANG_WARN_NON_LITERAL_NULL_CONVERSION = YES;
				CLANG_WARN_OBJC_IMPLICIT_RETAIN_SELF = YES;
				CLANG_WARN_OBJC_LITERAL_CONVERSION = YES;
				CLANG_WARN_OBJC_ROOT_CLASS = YES_ERROR;
				CLANG_WARN_RANGE_LOOP_ANALYSIS = YES;
				CLANG_WARN_STRICT_PROTOTYPES = YES;
				CLANG_WARN_SUSPICIOUS_MOVE = YES;
				CLANG_WARN_UNGUARDED_AVAILABILITY = YES_AGGRESSIVE;
				CLANG_WARN_UNREACHABLE_CODE = YES;
				CLANG_WARN__DUPLICATE_METHOD_MATCH = YES;
				COPY_PHASE_STRIP = NO;
				DEBUG_INFORMATION_FORMAT = "dwarf-with-dsym";
				ENABLE_NS_ASSERTIONS = NO;
				ENABLE_STRICT_OBJC_MSGSEND = YES;
				GCC_C_LANGUAGE_STANDARD = gnu11;
				GCC_NO_COMMON_BLOCKS = YES;
				GCC_WARN_64_TO_32_BIT_CONVERSION = YES;
				GCC_WARN_ABOUT_RETURN_TYPE = YES_ERROR;
				GCC_WARN_UNDECLARED_SELECTOR = YES;
				GCC_WARN_UNINITIALIZED_AUTOS = YES_AGGRESSIVE;
				GCC_WARN_UNUSED_FUNCTION = YES;
				GCC_WARN_UNUSED_VARIABLE = YES;
				IPHONEOS_DEPLOYMENT_TARGET = 13.7;
				MTL_ENABLE_DEBUG_INFO = NO;
				MTL_FAST_MATH = YES;
				SDKROOT = iphoneos;
				SWIFT_COMPILATION_MODE = wholemodule;
				SWIFT_OPTIMIZATION_LEVEL = "-O";
				VALIDATE_PRODUCT = YES;
			};
			name = Release;
		};
		42D2036A2514F6A800D704EE /* Debug */ = {
			isa = XCBuildConfiguration;
			buildSettings = {
				ASSETCATALOG_COMPILER_APPICON_NAME = AppIcon;
				CODE_SIGN_STYLE = Automatic;
				DEVELOPMENT_TEAM = HPXMDUH97M;
				INFOPLIST_FILE = Exercicio2_Calculadora/Info.plist;
				LD_RUNPATH_SEARCH_PATHS = (
					"$(inherited)",
					"@executable_path/Frameworks",
				);
				PRODUCT_BUNDLE_IDENTIFIER = "com.casp.Exercicio2-Calculadora";
				PRODUCT_NAME = "$(TARGET_NAME)";
				SWIFT_VERSION = 5.0;
				TARGETED_DEVICE_FAMILY = "1,2";
			};
			name = Debug;
		};
		42D2036B2514F6A800D704EE /* Release */ = {
			isa = XCBuildConfiguration;
			buildSettings = {
				ASSETCATALOG_COMPILER_APPICON_NAME = AppIcon;
				CODE_SIGN_STYLE = Automatic;
				DEVELOPMENT_TEAM = HPXMDUH97M;
				INFOPLIST_FILE = Exercicio2_Calculadora/Info.plist;
				LD_RUNPATH_SEARCH_PATHS = (
					"$(inherited)",
					"@executable_path/Frameworks",
				);
				PRODUCT_BUNDLE_IDENTIFIER = "com.casp.Exercicio2-Calculadora";
				PRODUCT_NAME = "$(TARGET_NAME)";
				SWIFT_VERSION = 5.0;
				TARGETED_DEVICE_FAMILY = "1,2";
			};
			name = Release;
		};
/* End XCBuildConfiguration section */

/* Begin XCConfigurationList section */
		42D203502514F6A700D704EE /* Build configuration list for PBXProject "Exercicio2_Calculadora" */ = {
			isa = XCConfigurationList;
			buildConfigurations = (
				42D203672514F6A800D704EE /* Debug */,
				42D203682514F6A800D704EE /* Release */,
			);
			defaultConfigurationIsVisible = 0;
			defaultConfigurationName = Release;
		};
		42D203692514F6A800D704EE /* Build configuration list for PBXNativeTarget "Exercicio2_Calculadora" */ = {
			isa = XCConfigurationList;
			buildConfigurations = (
				42D2036A2514F6A800D704EE /* Debug */,
				42D2036B2514F6A800D704EE /* Release */,
			);
			defaultConfigurationIsVisible = 0;
			defaultConfigurationName = Release;
		};
/* End XCConfigurationList section */
	};
	rootObject = 42D2034D2514F6A700D704EE /* Project object */;
}
